{
  "name": "dtmf-detection-stream",
  "version": "1.0.0",
  "lockfileVersion": 1,
  "requires": true,
  "dependencies": {
    "goertzeljs": {
      "version": "4.2.1",
      "resolved": "https://registry.npmjs.org/goertzeljs/-/goertzeljs-4.2.1.tgz",
      "integrity": "sha512-SS6PfyI4zM/ggTEnmVU43pgz8mAxmTL/nLpuQa21+ch14rAoI+WtubfoZbJWaz6xxtUFd6NW6GxlYGk7RUIQTQ=="
    },
    "spec-read-stream": {
      "version": "1.2.0",
      "resolved": "https://registry.npmjs.org/spec-read-stream/-/spec-read-stream-1.2.0.tgz",
      "integrity": "sha512-AJHisP4iZWu37BYc56+ePmC2ToKp9pDoHkN+zEmw61NrkbmiLzk/S82kXJwn4mMvXfXuqLqHGaSLtpmhwQd3Fw==",
      "dev": true
    },
    "tone-stream": {
      "version": "1.2.0",
      "resolved": "https://registry.npmjs.org/tone-stream/-/tone-stream-1.2.0.tgz",
      "integrity": "sha512-JULv9wz2hRse8lUZf8XjDSiIJHHNxB0gcHxD8YMOsImA6DCxRqY+YzlvtvCDH+tCSMLdi6e7UPAsRd9YAxdIcg==",
      "dev": true,
      "requires": {
        "spec-read-stream": "^1.2.0"
      }
    }
  }
}
